// !$*UTF8*$!
{
	archiveVersion = 1;
	classes = {
	};
	objectVersion = 50;
	objects = {

/* Begin PBXBuildFile section */
		B9203ABA23591AFE0075B94B /* AppDelegate.swift in Sources */ = {isa = PBXBuildFile; fileRef = B9203AB923591AFE0075B94B /* AppDelegate.swift */; };
		B9203ABF23591AFE0075B94B /* Main.storyboard in Resources */ = {isa = PBXBuildFile; fileRef = B9203ABD23591AFE0075B94B /* Main.storyboard */; };
		B9203AC123591B000075B94B /* Assets.xcassets in Resources */ = {isa = PBXBuildFile; fileRef = B9203AC023591B000075B94B /* Assets.xcassets */; };
		B9203AC423591B000075B94B /* LaunchScreen.storyboard in Resources */ = {isa = PBXBuildFile; fileRef = B9203AC223591B000075B94B /* LaunchScreen.storyboard */; };
		B9203ACC23591C6F0075B94B /* SearchViewController.swift in Sources */ = {isa = PBXBuildFile; fileRef = B9203ACB23591C6F0075B94B /* SearchViewController.swift */; };
		B9CA361B235956710047B46A /* FlickrService.swift in Sources */ = {isa = PBXBuildFile; fileRef = B9CA361A235956710047B46A /* FlickrService.swift */; };
		B9CA361F2359570B0047B46A /* Strings.swift in Sources */ = {isa = PBXBuildFile; fileRef = B9CA361E2359570B0047B46A /* Strings.swift */; };
		B9E4AB31235E5AD2003D77EF /* Kingfisher.framework in Frameworks */ = {isa = PBXBuildFile; fileRef = B9E4AB30235E5AD2003D77EF /* Kingfisher.framework */; };
		B9E4AB32235E5AD2003D77EF /* Kingfisher.framework in Embed Frameworks */ = {isa = PBXBuildFile; fileRef = B9E4AB30235E5AD2003D77EF /* Kingfisher.framework */; settings = {ATTRIBUTES = (CodeSignOnCopy, RemoveHeadersOnCopy, ); }; };
		B9FCD3522359598A00E090A6 /* Photo.swift in Sources */ = {isa = PBXBuildFile; fileRef = B9FCD3512359598A00E090A6 /* Photo.swift */; };
		B9FCD3542359F20700E090A6 /* PhotoCell.swift in Sources */ = {isa = PBXBuildFile; fileRef = B9FCD3532359F20700E090A6 /* PhotoCell.swift */; };
		B9FCD3562359F6BA00E090A6 /* Colors.swift in Sources */ = {isa = PBXBuildFile; fileRef = B9FCD3552359F6BA00E090A6 /* Colors.swift */; };
/* End PBXBuildFile section */

/* Begin PBXCopyFilesBuildPhase section */
		B9E4AB33235E5AD2003D77EF /* Embed Frameworks */ = {
			isa = PBXCopyFilesBuildPhase;
			buildActionMask = 2147483647;
			dstPath = "";
			dstSubfolderSpec = 10;
			files = (
				B9E4AB32235E5AD2003D77EF /* Kingfisher.framework in Embed Frameworks */,
			);
			name = "Embed Frameworks";
			runOnlyForDeploymentPostprocessing = 0;
		};
/* End PBXCopyFilesBuildPhase section */

/* Begin PBXFileReference section */
		B9203AB623591AFE0075B94B /* FlickrFindr.app */ = {isa = PBXFileReference; explicitFileType = wrapper.application; includeInIndex = 0; path = FlickrFindr.app; sourceTree = BUILT_PRODUCTS_DIR; };
		B9203AB923591AFE0075B94B /* AppDelegate.swift */ = {isa = PBXFileReference; lastKnownFileType = sourcecode.swift; path = AppDelegate.swift; sourceTree = "<group>"; };
		B9203ABE23591AFE0075B94B /* Base */ = {isa = PBXFileReference; lastKnownFileType = file.storyboard; name = Base; path = Base.lproj/Main.storyboard; sourceTree = "<group>"; };
		B9203AC023591B000075B94B /* Assets.xcassets */ = {isa = PBXFileReference; lastKnownFileType = folder.assetcatalog; path = Assets.xcassets; sourceTree = "<group>"; };
		B9203AC323591B000075B94B /* Base */ = {isa = PBXFileReference; lastKnownFileType = file.storyboard; name = Base; path = Base.lproj/LaunchScreen.storyboard; sourceTree = "<group>"; };
		B9203AC523591B000075B94B /* Info.plist */ = {isa = PBXFileReference; lastKnownFileType = text.plist.xml; path = Info.plist; sourceTree = "<group>"; };
		B9203ACB23591C6F0075B94B /* SearchViewController.swift */ = {isa = PBXFileReference; lastKnownFileType = sourcecode.swift; path = SearchViewController.swift; sourceTree = "<group>"; };
		B9CA361A235956710047B46A /* FlickrService.swift */ = {isa = PBXFileReference; lastKnownFileType = sourcecode.swift; path = FlickrService.swift; sourceTree = "<group>"; };
		B9CA361E2359570B0047B46A /* Strings.swift */ = {isa = PBXFileReference; lastKnownFileType = sourcecode.swift; path = Strings.swift; sourceTree = "<group>"; };
		B9E4AB30235E5AD2003D77EF /* Kingfisher.framework */ = {isa = PBXFileReference; lastKnownFileType = wrapper.framework; name = Kingfisher.framework; path = Carthage/Build/iOS/Kingfisher.framework; sourceTree = "<group>"; };
		B9FCD3512359598A00E090A6 /* Photo.swift */ = {isa = PBXFileReference; lastKnownFileType = sourcecode.swift; path = Photo.swift; sourceTree = "<group>"; };
		B9FCD3532359F20700E090A6 /* PhotoCell.swift */ = {isa = PBXFileReference; lastKnownFileType = sourcecode.swift; path = PhotoCell.swift; sourceTree = "<group>"; };
		B9FCD3552359F6BA00E090A6 /* Colors.swift */ = {isa = PBXFileReference; lastKnownFileType = sourcecode.swift; path = Colors.swift; sourceTree = "<group>"; };
/* End PBXFileReference section */

/* Begin PBXFrameworksBuildPhase section */
		B9203AB323591AFE0075B94B /* Frameworks */ = {
			isa = PBXFrameworksBuildPhase;
			buildActionMask = 2147483647;
			files = (
				B9E4AB31235E5AD2003D77EF /* Kingfisher.framework in Frameworks */,
			);
			runOnlyForDeploymentPostprocessing = 0;
		};
/* End PBXFrameworksBuildPhase section */

/* Begin PBXGroup section */
		B9203AAD23591AFE0075B94B = {
			isa = PBXGroup;
			children = (
				B9203AB823591AFE0075B94B /* FlickrFindr */,
				B9203AB723591AFE0075B94B /* Products */,
				B9E4AB2F235E5AD2003D77EF /* Frameworks */,
			);
			sourceTree = "<group>";
		};
		B9203AB723591AFE0075B94B /* Products */ = {
			isa = PBXGroup;
			children = (
				B9203AB623591AFE0075B94B /* FlickrFindr.app */,
			);
			name = Products;
			sourceTree = "<group>";
		};
		B9203AB823591AFE0075B94B /* FlickrFindr */ = {
			isa = PBXGroup;
			children = (
				B9203AB923591AFE0075B94B /* AppDelegate.swift */,
				B9FCD3552359F6BA00E090A6 /* Colors.swift */,
				B9CA361E2359570B0047B46A /* Strings.swift */,
				B9CA361A235956710047B46A /* FlickrService.swift */,
				B9FCD3512359598A00E090A6 /* Photo.swift */,
				B9FCD3532359F20700E090A6 /* PhotoCell.swift */,
				B9203ACB23591C6F0075B94B /* SearchViewController.swift */,
				B9203ABD23591AFE0075B94B /* Main.storyboard */,
				B9203AC023591B000075B94B /* Assets.xcassets */,
				B9203AC223591B000075B94B /* LaunchScreen.storyboard */,
				B9203AC523591B000075B94B /* Info.plist */,
			);
			path = FlickrFindr;
			sourceTree = "<group>";
		};
		B9E4AB2F235E5AD2003D77EF /* Frameworks */ = {
			isa = PBXGroup;
			children = (
				B9E4AB30235E5AD2003D77EF /* Kingfisher.framework */,
			);
			name = Frameworks;
			sourceTree = "<group>";
		};
/* End PBXGroup section */

/* Begin PBXNativeTarget section */
		B9203AB523591AFE0075B94B /* FlickrFindr */ = {
			isa = PBXNativeTarget;
			buildConfigurationList = B9203AC823591B000075B94B /* Build configuration list for PBXNativeTarget "FlickrFindr" */;
			buildPhases = (
				B9203AB223591AFE0075B94B /* Sources */,
				B9203AB323591AFE0075B94B /* Frameworks */,
				B9203AB423591AFE0075B94B /* Resources */,
				B9E4AB2E235E59D6003D77EF /* ShellScript */,
				B9E4AB33235E5AD2003D77EF /* Embed Frameworks */,
			);
			buildRules = (
			);
			dependencies = (
			);
			name = FlickrFindr;
			productName = FlickrFindr;
			productReference = B9203AB623591AFE0075B94B /* FlickrFindr.app */;
			productType = "com.apple.product-type.application";
		};
/* End PBXNativeTarget section */

/* Begin PBXProject section */
		B9203AAE23591AFE0075B94B /* Project object */ = {
			isa = PBXProject;
			attributes = {
				LastSwiftUpdateCheck = 1030;
				LastUpgradeCheck = 1030;
				ORGANIZATIONNAME = Panucci;
				TargetAttributes = {
					B9203AB523591AFE0075B94B = {
						CreatedOnToolsVersion = 10.3;
					};
				};
			};
			buildConfigurationList = B9203AB123591AFE0075B94B /* Build configuration list for PBXProject "FlickrFindr" */;
			compatibilityVersion = "Xcode 9.3";
			developmentRegion = en;
			hasScannedForEncodings = 0;
			knownRegions = (
				en,
				Base,
			);
			mainGroup = B9203AAD23591AFE0075B94B;
			productRefGroup = B9203AB723591AFE0075B94B /* Products */;
			projectDirPath = "";
			projectRoot = "";
			targets = (
				B9203AB523591AFE0075B94B /* FlickrFindr */,
			);
		};
/* End PBXProject section */

/* Begin PBXResourcesBuildPhase section */
		B9203AB423591AFE0075B94B /* Resources */ = {
			isa = PBXResourcesBuildPhase;
			buildActionMask = 2147483647;
			files = (
				B9203AC423591B000075B94B /* LaunchScreen.storyboard in Resources */,
				B9203AC123591B000075B94B /* Assets.xcassets in Resources */,
				B9203ABF23591AFE0075B94B /* Main.storyboard in Resources */,
			);
			runOnlyForDeploymentPostprocessing = 0;
		};
/* End PBXResourcesBuildPhase section */

/* Begin PBXShellScriptBuildPhase section */
		B9E4AB2E235E59D6003D77EF /* ShellScript */ = {
			isa = PBXShellScriptBuildPhase;
			buildActionMask = 2147483647;
			files = (
			);
			inputFileListPaths = (
			);
			inputPaths = (
				"$(SRCROOT)/Carthage/Build/iOS/Kingfisher.framework",
			);
			outputFileListPaths = (
			);
			outputPaths = (
			);
			runOnlyForDeploymentPostprocessing = 0;
			shellPath = /bin/sh;
			shellScript = "/usr/local/bin/carthage copy-frameworks\n";
		};
/* End PBXShellScriptBuildPhase section */

/* Begin PBXSourcesBuildPhase section */
		B9203AB223591AFE0075B94B /* Sources */ = {
			isa = PBXSourcesBuildPhase;
			buildActionMask = 2147483647;
			files = (
				B9203ACC23591C6F0075B94B /* SearchViewController.swift in Sources */,
				B9203ABA23591AFE0075B94B /* AppDelegate.swift in Sources */,
				B9CA361F2359570B0047B46A /* Strings.swift in Sources */,
				B9FCD3562359F6BA00E090A6 /* Colors.swift in Sources */,
				B9CA361B235956710047B46A /* FlickrService.swift in Sources */,
				B9FCD3542359F20700E090A6 /* PhotoCell.swift in Sources */,
				B9FCD3522359598A00E090A6 /* Photo.swift in Sources */,
			);
			runOnlyForDeploymentPostprocessing = 0;
		};
/* End PBXSourcesBuildPhase section */

/* Begin PBXVariantGroup section */
		B9203ABD23591AFE0075B94B /* Main.storyboard */ = {
			isa = PBXVariantGroup;
			children = (
				B9203ABE23591AFE0075B94B /* Base */,
			);
			name = Main.storyboard;
			sourceTree = "<group>";
		};
		B9203AC223591B000075B94B /* LaunchScreen.storyboard */ = {
			isa = PBXVariantGroup;
			children = (
				B9203AC323591B000075B94B /* Base */,
			);
			name = LaunchScreen.storyboard;
			sourceTree = "<group>";
		};
/* End PBXVariantGroup section */

/* Begin XCBuildConfiguration section */
		B9203AC623591B000075B94B /* Debug */ = {
			isa = XCBuildConfiguration;
			buildSettings = {
				ALWAYS_SEARCH_USER_PATHS = NO;
				CLANG_ANALYZER_NONNULL = YES;
				CLANG_ANALYZER_NUMBER_OBJECT_CONVERSION = YES_AGGRESSIVE;
				CLANG_CXX_LANGUAGE_STANDARD = "gnu++14";
				CLANG_CXX_LIBRARY = "libc++";
				CLANG_ENABLE_MODULES = YES;
				CLANG_ENABLE_OBJC_ARC = YES;
				CLANG_ENABLE_OBJC_WEAK = YES;
				CLANG_WARN_BLOCK_CAPTURE_AUTORELEASING = YES;
				CLANG_WARN_BOOL_CONVERSION = YES;
				CLANG_WARN_COMMA = YES;
				CLANG_WARN_CONSTANT_CONVERSION = YES;
				CLANG_WARN_DEPRECATED_OBJC_IMPLEMENTATIONS = YES;
				CLANG_WARN_DIRECT_OBJC_ISA_USAGE = YES_ERROR;
				CLANG_WARN_DOCUMENTATION_COMMENTS = YES;
				CLANG_WARN_EMPTY_BODY = YES;
				CLANG_WARN_ENUM_CONVERSION = YES;
				CLANG_WARN_INFINITE_RECURSION = YES;
				CLANG_WARN_INT_CONVERSION = YES;
				CLANG_WARN_NON_LITERAL_NULL_CONVERSION = YES;
				CLANG_WARN_OBJC_IMPLICIT_RETAIN_SELF = YES;
				CLANG_WARN_OBJC_LITERAL_CONVERSION = YES;
				CLANG_WARN_OBJC_ROOT_CLASS = YES_ERROR;
				CLANG_WARN_RANGE_LOOP_ANALYSIS = YES;
				CLANG_WARN_STRICT_PROTOTYPES = YES;
				CLANG_WARN_SUSPICIOUS_MOVE = YES;
				CLANG_WARN_UNGUARDED_AVAILABILITY = YES_AGGRESSIVE;
				CLANG_WARN_UNREACHABLE_CODE = YES;
				CLANG_WARN__DUPLICATE_METHOD_MATCH = YES;
				CODE_SIGN_IDENTITY = "iPhone Developer";
				COPY_PHASE_STRIP = NO;
				DEBUG_INFORMATION_FORMAT = dwarf;
				ENABLE_STRICT_OBJC_MSGSEND = YES;
				ENABLE_TESTABILITY = YES;
				GCC_C_LANGUAGE_STANDARD = gnu11;
				GCC_DYNAMIC_NO_PIC = NO;
				GCC_NO_COMMON_BLOCKS = YES;
				GCC_OPTIMIZATION_LEVEL = 0;
				GCC_PREPROCESSOR_DEFINITIONS = (
					"DEBUG=1",
					"$(inherited)",
				);
				GCC_WARN_64_TO_32_BIT_CONVERSION = YES;
				GCC_WARN_ABOUT_RETURN_TYPE = YES_ERROR;
				GCC_WARN_UNDECLARED_SELECTOR = YES;
				GCC_WARN_UNINITIALIZED_AUTOS = YES_AGGRESSIVE;
				GCC_WARN_UNUSED_FUNCTION = YES;
				GCC_WARN_UNUSED_VARIABLE = YES;
				IPHONEOS_DEPLOYMENT_TARGET = 12.4;
				MTL_ENABLE_DEBUG_INFO = INCLUDE_SOURCE;
				MTL_FAST_MATH = YES;
				ONLY_ACTIVE_ARCH = YES;
				SDKROOT = iphoneos;
				SWIFT_ACTIVE_COMPILATION_CONDITIONS = DEBUG;
				SWIFT_OPTIMIZATION_LEVEL = "-Onone";
			};
			name = Debug;
		};
		B9203AC723591B000075B94B /* Release */ = {
			isa = XCBuildConfiguration;
			buildSettings = {
				ALWAYS_SEARCH_USER_PATHS = NO;
				CLANG_ANALYZER_NONNULL = YES;
				CLANG_ANALYZER_NUMBER_OBJECT_CONVERSION = YES_AGGRESSIVE;
				CLANG_CXX_LANGUAGE_STANDARD = "gnu++14";
				CLANG_CXX_LIBRARY = "libc++";
				CLANG_ENABLE_MODULES = YES;
				CLANG_ENABLE_OBJC_ARC = YES;
				CLANG_ENABLE_OBJC_WEAK = YES;
				CLANG_WARN_BLOCK_CAPTURE_AUTORELEASING = YES;
				CLANG_WARN_BOOL_CONVERSION = YES;
				CLANG_WARN_COMMA = YES;
				CLANG_WARN_CONSTANT_CONVERSION = YES;
				CLANG_WARN_DEPRECATED_OBJC_IMPLEMENTATIONS = YES;
				CLANG_WARN_DIRECT_OBJC_ISA_USAGE = YES_ERROR;
				CLANG_WARN_DOCUMENTATION_COMMENTS = YES;
				CLANG_WARN_EMPTY_BODY = YES;
				CLANG_WARN_ENUM_CONVERSION = YES;
				CLANG_WARN_INFINITE_RECURSION = YES;
				CLANG_WARN_INT_CONVERSION = YES;
				CLANG_WARN_NON_LITERAL_NULL_CONVERSION = YES;
				CLANG_WARN_OBJC_IMPLICIT_RETAIN_SELF = YES;
				CLANG_WARN_OBJC_LITERAL_CONVERSION = YES;
				CLANG_WARN_OBJC_ROOT_CLASS = YES_ERROR;
				CLANG_WARN_RANGE_LOOP_ANALYSIS = YES;
				CLANG_WARN_STRICT_PROTOTYPES = YES;
				CLANG_WARN_SUSPICIOUS_MOVE = YES;
				CLANG_WARN_UNGUARDED_AVAILABILITY = YES_AGGRESSIVE;
				CLANG_WARN_UNREACHABLE_CODE = YES;
				CLANG_WARN__DUPLICATE_METHOD_MATCH = YES;
				CODE_SIGN_IDENTITY = "iPhone Developer";
				COPY_PHASE_STRIP = NO;
				DEBUG_INFORMATION_FORMAT = "dwarf-with-dsym";
				ENABLE_NS_ASSERTIONS = NO;
				ENABLE_STRICT_OBJC_MSGSEND = YES;
				GCC_C_LANGUAGE_STANDARD = gnu11;
				GCC_NO_COMMON_BLOCKS = YES;
				GCC_WARN_64_TO_32_BIT_CONVERSION = YES;
				GCC_WARN_ABOUT_RETURN_TYPE = YES_ERROR;
				GCC_WARN_UNDECLARED_SELECTOR = YES;
				GCC_WARN_UNINITIALIZED_AUTOS = YES_AGGRESSIVE;
				GCC_WARN_UNUSED_FUNCTION = YES;
				GCC_WARN_UNUSED_VARIABLE = YES;
				IPHONEOS_DEPLOYMENT_TARGET = 12.4;
				MTL_ENABLE_DEBUG_INFO = NO;
				MTL_FAST_MATH = YES;
				SDKROOT = iphoneos;
				SWIFT_COMPILATION_MODE = wholemodule;
				SWIFT_OPTIMIZATION_LEVEL = "-O";
				VALIDATE_PRODUCT = YES;
			};
			name = Release;
		};
		B9203AC923591B000075B94B /* Debug */ = {
			isa = XCBuildConfiguration;
			buildSettings = {
				ASSETCATALOG_COMPILER_APPICON_NAME = AppIcon;
				CODE_SIGN_IDENTITY = "Apple Development";
				CODE_SIGN_STYLE = Automatic;
				DEVELOPMENT_TEAM = DGYJ3R2C9F;
				FRAMEWORK_SEARCH_PATHS = (
					"$(inherited)",
					"$(PROJECT_DIR)/Carthage/Build/iOS",
				);
				INFOPLIST_FILE = FlickrFindr/Info.plist;
				LD_RUNPATH_SEARCH_PATHS = (
					"$(inherited)",
					"@executable_path/Frameworks",
				);
				PRODUCT_BUNDLE_IDENTIFIER = com.Panucci.FlickrFindr;
				PRODUCT_NAME = "$(TARGET_NAME)";
				PROVISIONING_PROFILE_SPECIFIER = "";
				SWIFT_VERSION = 5.0;
				TARGETED_DEVICE_FAMILY = "1,2";
			};
			name = Debug;
		};
		B9203ACA23591B000075B94B /* Release */ = {
			isa = XCBuildConfiguration;
			buildSettings = {
				ASSETCATALOG_COMPILER_APPICON_NAME = AppIcon;
				CODE_SIGN_IDENTITY = "Apple Development";
				CODE_SIGN_STYLE = Automatic;
				DEVELOPMENT_TEAM = DGYJ3R2C9F;
				FRAMEWORK_SEARCH_PATHS = (
					"$(inherited)",
					"$(PROJECT_DIR)/Carthage/Build/iOS",
				);
				INFOPLIST_FILE = FlickrFindr/Info.plist;
				LD_RUNPATH_SEARCH_PATHS = (
					"$(inherited)",
					"@executable_path/Frameworks",
				);
				PRODUCT_BUNDLE_IDENTIFIER = com.Panucci.FlickrFindr;
				PRODUCT_NAME = "$(TARGET_NAME)";
				PROVISIONING_PROFILE_SPECIFIER = "";
				SWIFT_VERSION = 5.0;
				TARGETED_DEVICE_FAMILY = "1,2";
			};
			name = Release;
		};
/* End XCBuildConfiguration section */

/* Begin XCConfigurationList section */
		B9203AB123591AFE0075B94B /* Build configuration list for PBXProject "FlickrFindr" */ = {
			isa = XCConfigurationList;
			buildConfigurations = (
				B9203AC623591B000075B94B /* Debug */,
				B9203AC723591B000075B94B /* Release */,
			);
			defaultConfigurationIsVisible = 0;
			defaultConfigurationName = Release;
		};
		B9203AC823591B000075B94B /* Build configuration list for PBXNativeTarget "FlickrFindr" */ = {
			isa = XCConfigurationList;
			buildConfigurations = (
				B9203AC923591B000075B94B /* Debug */,
				B9203ACA23591B000075B94B /* Release */,
			);
			defaultConfigurationIsVisible = 0;
			defaultConfigurationName = Release;
		};
/* End XCConfigurationList section */
	};
	rootObject = B9203AAE23591AFE0075B94B /* Project object */;
}
